// !$*UTF8*$!
{
	archiveVersion = 1;
	classes = {
	};
	objectVersion = 50;
	objects = {

/* Begin PBXBuildFile section */
		4A02DEF6259A5590008744AF /* main.cpp in Sources */ = {isa = PBXBuildFile; fileRef = 4A02DEF5259A5590008744AF /* main.cpp */; };
		4A02DF00259A5B00008744AF /* character.cpp in Sources */ = {isa = PBXBuildFile; fileRef = 4A02DEFE259A5B00008744AF /* character.cpp */; };
		4A02DF04259A66FA008744AF /* player.cpp in Sources */ = {isa = PBXBuildFile; fileRef = 4A02DF02259A66FA008744AF /* player.cpp */; };
		4A02DF08259B3E6D008744AF /* captain.cpp in Sources */ = {isa = PBXBuildFile; fileRef = 4A02DF06259B3E6D008744AF /* captain.cpp */; };
		4A02DF0C259B40C5008744AF /* game.cpp in Sources */ = {isa = PBXBuildFile; fileRef = 4A02DF0A259B40C5008744AF /* game.cpp */; };
		4A02DF10259B45A5008744AF /* deck.cpp in Sources */ = {isa = PBXBuildFile; fileRef = 4A02DF0E259B45A5008744AF /* deck.cpp */; };
/* End PBXBuildFile section */

/* Begin PBXCopyFilesBuildPhase section */
		4A02DEF0259A5590008744AF /* CopyFiles */ = {
			isa = PBXCopyFilesBuildPhase;
			buildActionMask = 2147483647;
			dstPath = /usr/share/man/man1/;
			dstSubfolderSpec = 0;
			files = (
			);
			runOnlyForDeploymentPostprocessing = 1;
		};
/* End PBXCopyFilesBuildPhase section */

/* Begin PBXFileReference section */
		4A02DEF2259A5590008744AF /* Coup */ = {isa = PBXFileReference; explicitFileType = "compiled.mach-o.executable"; includeInIndex = 0; path = Coup; sourceTree = BUILT_PRODUCTS_DIR; };
		4A02DEF5259A5590008744AF /* main.cpp */ = {isa = PBXFileReference; lastKnownFileType = sourcecode.cpp.cpp; path = main.cpp; sourceTree = "<group>"; };
		4A02DEFE259A5B00008744AF /* character.cpp */ = {isa = PBXFileReference; lastKnownFileType = sourcecode.cpp.cpp; path = character.cpp; sourceTree = "<group>"; };
		4A02DEFF259A5B00008744AF /* character.hpp */ = {isa = PBXFileReference; lastKnownFileType = sourcecode.cpp.h; path = character.hpp; sourceTree = "<group>"; };
		4A02DF02259A66FA008744AF /* player.cpp */ = {isa = PBXFileReference; lastKnownFileType = sourcecode.cpp.cpp; path = player.cpp; sourceTree = "<group>"; };
		4A02DF03259A66FA008744AF /* player.hpp */ = {isa = PBXFileReference; lastKnownFileType = sourcecode.cpp.h; path = player.hpp; sourceTree = "<group>"; };
		4A02DF06259B3E6D008744AF /* captain.cpp */ = {isa = PBXFileReference; lastKnownFileType = sourcecode.cpp.cpp; path = captain.cpp; sourceTree = "<group>"; };
		4A02DF07259B3E6D008744AF /* captain.hpp */ = {isa = PBXFileReference; lastKnownFileType = sourcecode.cpp.h; path = captain.hpp; sourceTree = "<group>"; };
		4A02DF0A259B40C5008744AF /* game.cpp */ = {isa = PBXFileReference; lastKnownFileType = sourcecode.cpp.cpp; path = game.cpp; sourceTree = "<group>"; };
		4A02DF0B259B40C5008744AF /* game.hpp */ = {isa = PBXFileReference; lastKnownFileType = sourcecode.cpp.h; path = game.hpp; sourceTree = "<group>"; };
		4A02DF0E259B45A5008744AF /* deck.cpp */ = {isa = PBXFileReference; lastKnownFileType = sourcecode.cpp.cpp; path = deck.cpp; sourceTree = "<group>"; };
		4A02DF0F259B45A5008744AF /* deck.hpp */ = {isa = PBXFileReference; lastKnownFileType = sourcecode.cpp.h; path = deck.hpp; sourceTree = "<group>"; };
/* End PBXFileReference section */

/* Begin PBXFrameworksBuildPhase section */
		4A02DEEF259A5590008744AF /* Frameworks */ = {
			isa = PBXFrameworksBuildPhase;
			buildActionMask = 2147483647;
			files = (
			);
			runOnlyForDeploymentPostprocessing = 0;
		};
/* End PBXFrameworksBuildPhase section */

/* Begin PBXGroup section */
		4A02DEE9259A5590008744AF = {
			isa = PBXGroup;
			children = (
				4A02DEF4259A5590008744AF /* Coup */,
				4A02DEF3259A5590008744AF /* Products */,
			);
			sourceTree = "<group>";
		};
		4A02DEF3259A5590008744AF /* Products */ = {
			isa = PBXGroup;
			children = (
				4A02DEF2259A5590008744AF /* Coup */,
			);
			name = Products;
			sourceTree = "<group>";
		};
		4A02DEF4259A5590008744AF /* Coup */ = {
			isa = PBXGroup;
			children = (
				4A02DEFD259A55AD008744AF /* Characters */,
				4A02DEF5259A5590008744AF /* main.cpp */,
				4A02DF02259A66FA008744AF /* player.cpp */,
				4A02DF03259A66FA008744AF /* player.hpp */,
				4A02DF0A259B40C5008744AF /* game.cpp */,
				4A02DF0B259B40C5008744AF /* game.hpp */,
				4A02DF0E259B45A5008744AF /* deck.cpp */,
				4A02DF0F259B45A5008744AF /* deck.hpp */,
			);
			path = Coup;
			sourceTree = "<group>";
		};
		4A02DEFD259A55AD008744AF /* Characters */ = {
			isa = PBXGroup;
			children = (
				4A02DEFE259A5B00008744AF /* character.cpp */,
				4A02DEFF259A5B00008744AF /* character.hpp */,
				4A02DF06259B3E6D008744AF /* captain.cpp */,
				4A02DF07259B3E6D008744AF /* captain.hpp */,
			);
			path = Characters;
			sourceTree = "<group>";
		};
/* End PBXGroup section */

/* Begin PBXNativeTarget section */
		4A02DEF1259A5590008744AF /* Coup */ = {
			isa = PBXNativeTarget;
			buildConfigurationList = 4A02DEF9259A5590008744AF /* Build configuration list for PBXNativeTarget "Coup" */;
			buildPhases = (
				4A02DEEE259A5590008744AF /* Sources */,
				4A02DEEF259A5590008744AF /* Frameworks */,
				4A02DEF0259A5590008744AF /* CopyFiles */,
			);
			buildRules = (
			);
			dependencies = (
			);
			name = Coup;
			productName = Coup;
			productReference = 4A02DEF2259A5590008744AF /* Coup */;
			productType = "com.apple.product-type.tool";
		};
/* End PBXNativeTarget section */

/* Begin PBXProject section */
		4A02DEEA259A5590008744AF /* Project object */ = {
			isa = PBXProject;
			attributes = {
				LastUpgradeCheck = 1230;
				TargetAttributes = {
					4A02DEF1259A5590008744AF = {
						CreatedOnToolsVersion = 12.3;
					};
				};
			};
			buildConfigurationList = 4A02DEED259A5590008744AF /* Build configuration list for PBXProject "Coup" */;
			compatibilityVersion = "Xcode 9.3";
			developmentRegion = en;
			hasScannedForEncodings = 0;
			knownRegions = (
				en,
				Base,
			);
			mainGroup = 4A02DEE9259A5590008744AF;
			productRefGroup = 4A02DEF3259A5590008744AF /* Products */;
			projectDirPath = "";
			projectRoot = "";
			targets = (
				4A02DEF1259A5590008744AF /* Coup */,
			);
		};
/* End PBXProject section */

/* Begin PBXSourcesBuildPhase section */
		4A02DEEE259A5590008744AF /* Sources */ = {
			isa = PBXSourcesBuildPhase;
			buildActionMask = 2147483647;
			files = (
				4A02DF08259B3E6D008744AF /* captain.cpp in Sources */,
				4A02DEF6259A5590008744AF /* main.cpp in Sources */,
				4A02DF10259B45A5008744AF /* deck.cpp in Sources */,
				4A02DF00259A5B00008744AF /* character.cpp in Sources */,
				4A02DF0C259B40C5008744AF /* game.cpp in Sources */,
				4A02DF04259A66FA008744AF /* player.cpp in Sources */,
			);
			runOnlyForDeploymentPostprocessing = 0;
		};
/* End PBXSourcesBuildPhase section */

/* Begin XCBuildConfiguration section */
		4A02DEF7259A5590008744AF /* Debug */ = {
			isa = XCBuildConfiguration;
			buildSettings = {
				ALWAYS_SEARCH_USER_PATHS = NO;
				CLANG_ANALYZER_NONNULL = YES;
				CLANG_ANALYZER_NUMBER_OBJECT_CONVERSION = YES_AGGRESSIVE;
				CLANG_CXX_LANGUAGE_STANDARD = "gnu++14";
				CLANG_CXX_LIBRARY = "libc++";
				CLANG_ENABLE_MODULES = YES;
				CLANG_ENABLE_OBJC_ARC = YES;
				CLANG_ENABLE_OBJC_WEAK = YES;
				CLANG_WARN_BLOCK_CAPTURE_AUTORELEASING = YES;
				CLANG_WARN_BOOL_CONVERSION = YES;
				CLANG_WARN_COMMA = YES;
				CLANG_WARN_CONSTANT_CONVERSION = YES;
				CLANG_WARN_DEPRECATED_OBJC_IMPLEMENTATIONS = YES;
				CLANG_WARN_DIRECT_OBJC_ISA_USAGE = YES_ERROR;
				CLANG_WARN_DOCUMENTATION_COMMENTS = YES;
				CLANG_WARN_EMPTY_BODY = YES;
				CLANG_WARN_ENUM_CONVERSION = YES;
				CLANG_WARN_INFINITE_RECURSION = YES;
				CLANG_WARN_INT_CONVERSION = YES;
				CLANG_WARN_NON_LITERAL_NULL_CONVERSION = YES;
				CLANG_WARN_OBJC_IMPLICIT_RETAIN_SELF = YES;
				CLANG_WARN_OBJC_LITERAL_CONVERSION = YES;
				CLANG_WARN_OBJC_ROOT_CLASS = YES_ERROR;
				CLANG_WARN_QUOTED_INCLUDE_IN_FRAMEWORK_HEADER = YES;
				CLANG_WARN_RANGE_LOOP_ANALYSIS = YES;
				CLANG_WARN_STRICT_PROTOTYPES = YES;
				CLANG_WARN_SUSPICIOUS_MOVE = YES;
				CLANG_WARN_UNGUARDED_AVAILABILITY = YES_AGGRESSIVE;
				CLANG_WARN_UNREACHABLE_CODE = YES;
				CLANG_WARN__DUPLICATE_METHOD_MATCH = YES;
				COPY_PHASE_STRIP = NO;
				DEBUG_INFORMATION_FORMAT = dwarf;
				ENABLE_STRICT_OBJC_MSGSEND = YES;
				ENABLE_TESTABILITY = YES;
				GCC_C_LANGUAGE_STANDARD = gnu11;
				GCC_DYNAMIC_NO_PIC = NO;
				GCC_NO_COMMON_BLOCKS = YES;
				GCC_OPTIMIZATION_LEVEL = 0;
				GCC_PREPROCESSOR_DEFINITIONS = (
					"DEBUG=1",
					"$(inherited)",
				);
				GCC_WARN_64_TO_32_BIT_CONVERSION = YES;
				GCC_WARN_ABOUT_RETURN_TYPE = YES_ERROR;
				GCC_WARN_UNDECLARED_SELECTOR = YES;
				GCC_WARN_UNINITIALIZED_AUTOS = YES_AGGRESSIVE;
				GCC_WARN_UNUSED_FUNCTION = YES;
				GCC_WARN_UNUSED_VARIABLE = YES;
				MACOSX_DEPLOYMENT_TARGET = 11.1;
				MTL_ENABLE_DEBUG_INFO = INCLUDE_SOURCE;
				MTL_FAST_MATH = YES;
				ONLY_ACTIVE_ARCH = YES;
				SDKROOT = macosx;
			};
			name = Debug;
		};
		4A02DEF8259A5590008744AF /* Release */ = {
			isa = XCBuildConfiguration;
			buildSettings = {
				ALWAYS_SEARCH_USER_PATHS = NO;
				CLANG_ANALYZER_NONNULL = YES;
				CLANG_ANALYZER_NUMBER_OBJECT_CONVERSION = YES_AGGRESSIVE;
				CLANG_CXX_LANGUAGE_STANDARD = "gnu++14";
				CLANG_CXX_LIBRARY = "libc++";
				CLANG_ENABLE_MODULES = YES;
				CLANG_ENABLE_OBJC_ARC = YES;
				CLANG_ENABLE_OBJC_WEAK = YES;
				CLANG_WARN_BLOCK_CAPTURE_AUTORELEASING = YES;
				CLANG_WARN_BOOL_CONVERSION = YES;
				CLANG_WARN_COMMA = YES;
				CLANG_WARN_CONSTANT_CONVERSION = YES;
				CLANG_WARN_DEPRECATED_OBJC_IMPLEMENTATIONS = YES;
				CLANG_WARN_DIRECT_OBJC_ISA_USAGE = YES_ERROR;
				CLANG_WARN_DOCUMENTATION_COMMENTS = YES;
				CLANG_WARN_EMPTY_BODY = YES;
				CLANG_WARN_ENUM_CONVERSION = YES;
				CLANG_WARN_INFINITE_RECURSION = YES;
				CLANG_WARN_INT_CONVERSION = YES;
				CLANG_WARN_NON_LITERAL_NULL_CONVERSION = YES;
				CLANG_WARN_OBJC_IMPLICIT_RETAIN_SELF = YES;
				CLANG_WARN_OBJC_LITERAL_CONVERSION = YES;
				CLANG_WARN_OBJC_ROOT_CLASS = YES_ERROR;
				CLANG_WARN_QUOTED_INCLUDE_IN_FRAMEWORK_HEADER = YES;
				CLANG_WARN_RANGE_LOOP_ANALYSIS = YES;
				CLANG_WARN_STRICT_PROTOTYPES = YES;
				CLANG_WARN_SUSPICIOUS_MOVE = YES;
				CLANG_WARN_UNGUARDED_AVAILABILITY = YES_AGGRESSIVE;
				CLANG_WARN_UNREACHABLE_CODE = YES;
				CLANG_WARN__DUPLICATE_METHOD_MATCH = YES;
				COPY_PHASE_STRIP = NO;
				DEBUG_INFORMATION_FORMAT = "dwarf-with-dsym";
				ENABLE_NS_ASSERTIONS = NO;
				ENABLE_STRICT_OBJC_MSGSEND = YES;
				GCC_C_LANGUAGE_STANDARD = gnu11;
				GCC_NO_COMMON_BLOCKS = YES;
				GCC_WARN_64_TO_32_BIT_CONVERSION = YES;
				GCC_WARN_ABOUT_RETURN_TYPE = YES_ERROR;
				GCC_WARN_UNDECLARED_SELECTOR = YES;
				GCC_WARN_UNINITIALIZED_AUTOS = YES_AGGRESSIVE;
				GCC_WARN_UNUSED_FUNCTION = YES;
				GCC_WARN_UNUSED_VARIABLE = YES;
				MACOSX_DEPLOYMENT_TARGET = 11.1;
				MTL_ENABLE_DEBUG_INFO = NO;
				MTL_FAST_MATH = YES;
				SDKROOT = macosx;
			};
			name = Release;
		};
		4A02DEFA259A5590008744AF /* Debug */ = {
			isa = XCBuildConfiguration;
			buildSettings = {
				CODE_SIGN_STYLE = Automatic;
				PRODUCT_NAME = "$(TARGET_NAME)";
			};
			name = Debug;
		};
		4A02DEFB259A5590008744AF /* Release */ = {
			isa = XCBuildConfiguration;
			buildSettings = {
				CODE_SIGN_STYLE = Automatic;
				PRODUCT_NAME = "$(TARGET_NAME)";
			};
			name = Release;
		};
/* End XCBuildConfiguration section */

/* Begin XCConfigurationList section */
		4A02DEED259A5590008744AF /* Build configuration list for PBXProject "Coup" */ = {
			isa = XCConfigurationList;
			buildConfigurations = (
				4A02DEF7259A5590008744AF /* Debug */,
				4A02DEF8259A5590008744AF /* Release */,
			);
			defaultConfigurationIsVisible = 0;
			defaultConfigurationName = Release;
		};
		4A02DEF9259A5590008744AF /* Build configuration list for PBXNativeTarget "Coup" */ = {
			isa = XCConfigurationList;
			buildConfigurations = (
				4A02DEFA259A5590008744AF /* Debug */,
				4A02DEFB259A5590008744AF /* Release */,
			);
			defaultConfigurationIsVisible = 0;
			defaultConfigurationName = Release;
		};
/* End XCConfigurationList section */
	};
	rootObject = 4A02DEEA259A5590008744AF /* Project object */;
}
